{
  "dependencies": {
    "chart.js": {
      "version": "2.6.0",
      "resolved": "https://registry.npmjs.org/chart.js/-/chart.js-2.6.0.tgz",
      "from": "chart.js@2.6.0"
    },
    "chartjs-color": {
      "version": "2.1.0",
      "resolved": "https://registry.npmjs.org/chartjs-color/-/chartjs-color-2.1.0.tgz",
      "from": "chartjs-color@>=2.1.0 <3.0.0"
    },
    "chartjs-color-string": {
      "version": "0.4.0",
      "resolved": "https://registry.npmjs.org/chartjs-color-string/-/chartjs-color-string-0.4.0.tgz",
      "from": "chartjs-color-string@>=0.4.0 <0.5.0"
    },
    "color-convert": {
      "version": "0.5.3",
      "resolved": "https://registry.npmjs.org/color-convert/-/color-convert-0.5.3.tgz",
      "from": "color-convert@>=0.5.3 <0.6.0"
    },
    "color-name": {
      "version": "1.1.2",
      "resolved": "https://registry.npmjs.org/color-name/-/color-name-1.1.2.tgz",
      "from": "color-name@>=1.0.0 <2.0.0"
    },
    "moment": {
      "version": "2.18.1",
      "resolved": "https://registry.npmjs.org/moment/-/moment-2.18.1.tgz",
      "from": "moment@>=2.10.6 <3.0.0"
    }
  }
}
